
Microsoft Visual Studio Solution File, Format Version 12.00
# Visual Studio Version 17
VisualStudioVersion = 17.8.34330.188
MinimumVisualStudioVersion = 10.0.40219.1
Project("{8BC9CEB8-8B4A-11D0-8D11-00A0C91BC942}") = "SezerDeneme", "SezerDeneme\SezerDeneme.vcxproj", "{F63AAE72-FFDB-4D3F-B37D-DA7519B7E99A}"
EndProject
Global
	GlobalSection(SolutionConfigurationPlatforms) = preSolution
		Debug|x64 = Debug|x64
		Debug|x86 = Debug|x86
		Release|x64 = Release|x64
		Release|x86 = Release|x86
	EndGlobalSection
	GlobalSection(ProjectConfigurationPlatforms) = postSolution
		{F63AAE72-FFDB-4D3F-B37D-DA7519B7E99A}.Debug|x64.ActiveCfg = Debug|x64
		{F63AAE72-FFDB-4D3F-B37D-DA7519B7E99A}.Debug|x64.Build.0 = Debug|x64
		{F63AAE72-FFDB-4D3F-B37D-DA7519B7E99A}.Debug|x86.ActiveCfg = Debug|Win32
		{F63AAE72-FFDB-4D3F-B37D-DA7519B7E99A}.Debug|x86.Build.0 = Debug|Win32
		{F63AAE72-FFDB-4D3F-B37D-DA7519B7E99A}.Release|x64.ActiveCfg = Release|x64
		{F63AAE72-FFDB-4D3F-B37D-DA7519B7E99A}.Release|x64.Build.0 = Release|x64
		{F63AAE72-FFDB-4D3F-B37D-DA7519B7E99A}.Release|x86.ActiveCfg = Release|Win32
		{F63AAE72-FFDB-4D3F-B37D-DA7519B7E99A}.Release|x86.Build.0 = Release|Win32
	EndGlobalSection
	GlobalSection(SolutionProperties) = preSolution
		HideSolutionNode = FALSE
	EndGlobalSection
	GlobalSection(ExtensibilityGlobals) = postSolution
		SolutionGuid = {099C4610-94B6-4D2A-AD44-D225EC7C2AC4}
	EndGlobalSection
EndGlobal
